{
  "name": "ft_transcendance",
  "lockfileVersion": 2,
  "requires": true,
  "packages": {
    "": {
      "devDependencies": {
        "@prisma/cli": "^2.16.0-dev.68"
      }
    },
    "node_modules/@prisma/cli": {
      "version": "2.16.0-dev.68",
      "resolved": "https://registry.npmjs.org/@prisma/cli/-/cli-2.16.0-dev.68.tgz",
      "integrity": "sha512-d0LvA/yLvOh39ABOGWAv1PcY7GlEoUnvrc66pRRlMAu/ncXypqWrOcu3LXP1ORU9ME4psnTU6o5JAiXm0dQvcg==",
      "deprecated": "Prisma CLI package was renamed to 'prisma'. Check it out here: https://www.npmjs.com/package/prisma",
      "dev": true,
      "hasInstallScript": true,
      "dependencies": {
        "@prisma/engines": "2.16.0-42.abf73b00c32ac832220839da2b8ec439b02e2519"
      },
      "bin": {
        "prisma": "build/index.js",
        "prisma2": "build/index.js"
      },
      "engines": {
        "node": ">=10.4"
      }
    },
    "node_modules/@prisma/engines": {
      "version": "2.16.0-42.abf73b00c32ac832220839da2b8ec439b02e2519",
      "resolved": "https://registry.npmjs.org/@prisma/engines/-/engines-2.16.0-42.abf73b00c32ac832220839da2b8ec439b02e2519.tgz",
      "integrity": "sha512-03hX4ZIs6P0BPe/EoPEB6p7mPy4Rf9czUFr1FdfRWSnPk3ElAzCFieq04NDSsopuxHTK5UOesfyuYcElmymvuw==",
      "dev": true,
      "hasInstallScript": true
    }
  },
  "dependencies": {
    "@prisma/cli": {
      "version": "2.16.0-dev.68",
      "resolved": "https://registry.npmjs.org/@prisma/cli/-/cli-2.16.0-dev.68.tgz",
      "integrity": "sha512-d0LvA/yLvOh39ABOGWAv1PcY7GlEoUnvrc66pRRlMAu/ncXypqWrOcu3LXP1ORU9ME4psnTU6o5JAiXm0dQvcg==",
      "dev": true,
      "requires": {
        "@prisma/engines": "2.16.0-42.abf73b00c32ac832220839da2b8ec439b02e2519"
      }
    },
    "@prisma/engines": {
      "version": "2.16.0-42.abf73b00c32ac832220839da2b8ec439b02e2519",
      "resolved": "https://registry.npmjs.org/@prisma/engines/-/engines-2.16.0-42.abf73b00c32ac832220839da2b8ec439b02e2519.tgz",
      "integrity": "sha512-03hX4ZIs6P0BPe/EoPEB6p7mPy4Rf9czUFr1FdfRWSnPk3ElAzCFieq04NDSsopuxHTK5UOesfyuYcElmymvuw==",
      "dev": true
    }
  }
}
